{
  "version": "5",
  "specifiers": {
    "jsr:@db/sqlite@0.13": "0.13.0",
    "jsr:@denosaurs/plug@1": "1.0.5",
    "jsr:@denosaurs/plug@1.0.5": "1.0.5",
    "jsr:@gfx/canvas@~0.5.8": "0.5.8",
    "jsr:@grammyjs/debug@~0.2.1": "0.2.2",
    "jsr:@kysely/kysely@0.28": "0.28.17",
    "jsr:@kysely/kysely@0.28.17": "0.28.17",
    "jsr:@marshift/kysely-deno-sqlite3@1": "1.0.0",
    "jsr:@openai/openai@^6.42.0": "6.42.0",
    "jsr:@std/assert@0.214": "0.214.0",
    "jsr:@std/assert@0.217": "0.217.0",
    "jsr:@std/encoding@0.214": "0.214.0",
    "jsr:@std/encoding@0.217.0": "0.217.0",
    "jsr:@std/fmt@0.214": "0.214.0",
    "jsr:@std/fs@0.214": "0.214.0",
    "jsr:@std/fs@0.217.0": "0.217.0",
    "jsr:@std/internal@^1.0.10": "1.0.14",
    "jsr:@std/path@0.214": "0.214.0",
    "jsr:@std/path@0.217": "0.217.0",
    "jsr:@std/path@0.217.0": "0.217.0",
    "jsr:@std/path@1.0": "1.0.9",
    "jsr:@std/path@1.1.2": "1.1.2",
    "jsr:@std/path@^1.1.2": "1.1.2",
    "npm:@biomejs/biome@2.3.8": "2.3.8"
  },
  "jsr": {
    "@db/sqlite@0.13.0": {
      "integrity": "4545c635e0b3d4ddfdc0f2240f932f24b8ad0178e9c2e3a0f9403e7b18ae2fb5",
      "dependencies": [
        "jsr:@denosaurs/plug@1",
        "jsr:@std/path@1.0"
      ]
    },
    "@denosaurs/plug@1.0.5": {
      "integrity": "04cd988da558adc226202d88c3a434d5fcc08146eaf4baf0cea0c2284b16d2bf",
      "dependencies": [
        "jsr:@std/encoding@0.214",
        "jsr:@std/fmt",
        "jsr:@std/fs@0.214",
        "jsr:@std/path@0.214"
      ]
    },
    "@gfx/canvas@0.5.8": {
      "integrity": "a61c80292528e7433d428556b494a0ea496dd8e6abd4a338b8b25fc04e46ea3e",
      "dependencies": [
        "jsr:@denosaurs/plug@1",
        "jsr:@denosaurs/plug@1.0.5",
        "jsr:@std/encoding@0.217.0",
        "jsr:@std/fs@0.217.0",
        "jsr:@std/path@0.217.0"
      ]
    },
    "@grammyjs/debug@0.2.2": {
      "integrity": "b353bf25231528e79df67cb569966c0f7b7ada69780f22a2c1b8afeee05acd6d"
    },
    "@kysely/kysely@0.28.17": {
      "integrity": "19230f46728035602a455f3ee69f284150104a1b6e336dceb1d7c3751e4e1b03"
    },
    "@marshift/kysely-deno-sqlite3@1.0.0": {
      "integrity": "71c8184f396061523a0d0d82c282ca60b64c4a0267da8687f1aa49d326dbeb59",
      "dependencies": [
        "jsr:@db/sqlite",
        "jsr:@kysely/kysely@0.28"
      ]
    },
    "@openai/openai@6.42.0": {
      "integrity": "9c1b51ea00bd6bc5279e7b7f9252c7819f136f02f3a98a3bf15764ae5dd5a3cc"
    },
    "@std/assert@0.214.0": {
      "integrity": "55d398de76a9828fd3b1aa653f4dba3eee4c6985d90c514865d2be9bd082b140"
    },
    "@std/assert@0.217.0": {
      "integrity": "c98e279362ca6982d5285c3b89517b757c1e3477ee9f14eb2fdf80a45aaa9642"
    },
    "@std/encoding@0.214.0": {
      "integrity": "30a8713e1db22986c7e780555ffd2fefd1d4f9374d734bb41f5970f6c3352af5"
    },
    "@std/encoding@0.217.0": {
      "integrity": "b03e8ff94c98d6b6a02c02c5cf8e5d203400155516248964fc4559abc04669dc"
    },
    "@std/fmt@0.214.0": {
      "integrity": "40382cff88a0783b347b4d69b94cf931ab8e549a733916718cb866c08efac4d4"
    },
    "@std/fs@0.214.0": {
      "integrity": "bc880fea0be120cb1550b1ed7faf92fe071003d83f2456a1e129b39193d85bea",
      "dependencies": [
        "jsr:@std/assert@0.214",
        "jsr:@std/path@0.214"
      ]
    },
    "@std/fs@0.217.0": {
      "integrity": "0bfff5f3618d68c385b28b4ffbf3a15c98293a0f1186444458b62e0111ce77b2",
      "dependencies": [
        "jsr:@std/assert@0.217",
        "jsr:@std/path@0.217"
      ]
    },
    "@std/internal@1.0.14": {
      "integrity": "291516b3d4c35024d6ffbc0a9df5bf4c64116e05b50012cf846710152d2ffdf7"
    },
    "@std/path@0.214.0": {
      "integrity": "d5577c0b8d66f7e8e3586d864ebdf178bb326145a3611da5a51c961740300285",
      "dependencies": [
        "jsr:@std/assert@0.214"
      ]
    },
    "@std/path@0.217.0": {
      "integrity": "1217cc25534bca9a2f672d7fe7c6f356e4027df400c0e85c0ef3e4343bc67d11",
      "dependencies": [
        "jsr:@std/assert@0.217"
      ]
    },
    "@std/path@1.0.9": {
      "integrity": "260a49f11edd3db93dd38350bf9cd1b4d1366afa98e81b86167b4e3dd750129e"
    },
    "@std/path@1.1.2": {
      "integrity": "c0b13b97dfe06546d5e16bf3966b1cadf92e1cc83e56ba5476ad8b498d9e3038",
      "dependencies": [
        "jsr:@std/internal"
      ]
    }
  },
  "npm": {
    "@biomejs/biome@2.3.8": {
      "integrity": "sha512-Qjsgoe6FEBxWAUzwFGFrB+1+M8y/y5kwmg5CHac+GSVOdmOIqsAiXM5QMVGZJ1eCUCLlPZtq4aFAQ0eawEUuUA==",
      "optionalDependencies": [
        "@biomejs/cli-darwin-arm64",
        "@biomejs/cli-darwin-x64",
        "@biomejs/cli-linux-arm64",
        "@biomejs/cli-linux-arm64-musl",
        "@biomejs/cli-linux-x64",
        "@biomejs/cli-linux-x64-musl",
        "@biomejs/cli-win32-arm64",
        "@biomejs/cli-win32-x64"
      ],
      "bin": true
    },
    "@biomejs/cli-darwin-arm64@2.3.8": {
      "integrity": "sha512-HM4Zg9CGQ3txTPflxD19n8MFPrmUAjaC7PQdLkugeeC0cQ+PiVrd7i09gaBS/11QKsTDBJhVg85CEIK9f50Qww==",
      "os": ["darwin"],
      "cpu": ["arm64"]
    },
    "@biomejs/cli-darwin-x64@2.3.8": {
      "integrity": "sha512-lUDQ03D7y/qEao7RgdjWVGCu+BLYadhKTm40HkpJIi6kn8LSv5PAwRlew/DmwP4YZ9ke9XXoTIQDO1vAnbRZlA==",
      "os": ["darwin"],
      "cpu": ["x64"]
    },
    "@biomejs/cli-linux-arm64-musl@2.3.8": {
      "integrity": "sha512-PShR4mM0sjksUMyxbyPNMxoKFPVF48fU8Qe8Sfx6w6F42verbwRLbz+QiKNiDPRJwUoMG1nPM50OBL3aOnTevA==",
      "os": ["linux"],
      "cpu": ["arm64"]
    },
    "@biomejs/cli-linux-arm64@2.3.8": {
      "integrity": "sha512-Uo1OJnIkJgSgF+USx970fsM/drtPcQ39I+JO+Fjsaa9ZdCN1oysQmy6oAGbyESlouz+rzEckLTF6DS7cWse95g==",
      "os": ["linux"],
      "cpu": ["arm64"]
    },
    "@biomejs/cli-linux-x64-musl@2.3.8": {
      "integrity": "sha512-YGLkqU91r1276uwSjiUD/xaVikdxgV1QpsicT0bIA1TaieM6E5ibMZeSyjQ/izBn4tKQthUSsVZacmoJfa3pDA==",
      "os": ["linux"],
      "cpu": ["x64"]
    },
    "@biomejs/cli-linux-x64@2.3.8": {
      "integrity": "sha512-QDPMD5bQz6qOVb3kiBui0zKZXASLo0NIQ9JVJio5RveBEFgDgsvJFUvZIbMbUZT3T00M/1wdzwWXk4GIh0KaAw==",
      "os": ["linux"],
      "cpu": ["x64"]
    },
    "@biomejs/cli-win32-arm64@2.3.8": {
      "integrity": "sha512-H4IoCHvL1fXKDrTALeTKMiE7GGWFAraDwBYFquE/L/5r1927Te0mYIGseXi4F+lrrwhSWbSGt5qPFswNoBaCxg==",
      "os": ["win32"],
      "cpu": ["arm64"]
    },
    "@biomejs/cli-win32-x64@2.3.8": {
      "integrity": "sha512-RguzimPoZWtBapfKhKjcWXBVI91tiSprqdBYu7tWhgN8pKRZhw24rFeNZTNf6UiBfjCYCi9eFQs/JzJZIhuK4w==",
      "os": ["win32"],
      "cpu": ["x64"]
    }
  },
  "redirects": {
    "https://deno.land/x/grammy_i18n/mod.ts": "https://deno.land/x/grammy_i18n@v1.1.0/mod.ts",
    "https://lib.deno.dev/x/grammy@1.x/mod.ts": "https://deno.land/x/grammy@v1.43.0/mod.ts",
    "https://lib.deno.dev/x/grammy@v1/mod.ts": "https://deno.land/x/grammy@v1.43.0/mod.ts",
    "https://lib.deno.dev/x/grammy@v1/types.ts": "https://deno.land/x/grammy@v1.43.0/types.ts"
  },
  "remote": {
    "https://cdn.skypack.dev/-/debug@v4.4.3-Brh22weuCvWY3rcSd25Q/dist=es2019,mode=imports/optimized/debug.js": "931098fa073c5244168f500d7eecf16557a6ff58fdefe079384f427b8d0ac915",
    "https://cdn.skypack.dev/-/ms@v2.1.3-dWyghJmVCt8Lp5D9h2ww/dist=es2019,mode=imports/optimized/ms.js": "fd88e2d51900437011f1ad232f3393ce97db1b87a7844b3c58dd6d65562c1276",
    "https://cdn.skypack.dev/debug@4.4.3": "4be25679f8af63e0d2f06afee7f8c1411f1c3144be3d3e96ab31e198e4a6d5cd",
    "https://deno.land/std@0.192.0/_util/asserts.ts": "178dfc49a464aee693a7e285567b3d0b555dc805ff490505a8aae34f9cfb1462",
    "https://deno.land/std@0.192.0/_util/os.ts": "d932f56d41e4f6a6093d56044e29ce637f8dcc43c5a90af43504a889cf1775e3",
    "https://deno.land/std@0.192.0/fs/_util.ts": "fbf57dcdc9f7bc8128d60301eece608246971a7836a3bb1e78da75314f08b978",
    "https://deno.land/std@0.192.0/fs/walk.ts": "920be35a7376db6c0b5b1caf1486fb962925e38c9825f90367f8f26b5e5d0897",
    "https://deno.land/std@0.192.0/path/_constants.ts": "e49961f6f4f48039c0dfed3c3f93e963ca3d92791c9d478ac5b43183413136e0",
    "https://deno.land/std@0.192.0/path/_interface.ts": "6471159dfbbc357e03882c2266d21ef9afdb1e4aa771b0545e90db58a0ba314b",
    "https://deno.land/std@0.192.0/path/_util.ts": "d7abb1e0dea065f427b89156e28cdeb32b045870acdf865833ba808a73b576d0",
    "https://deno.land/std@0.192.0/path/common.ts": "ee7505ab01fd22de3963b64e46cff31f40de34f9f8de1fff6a1bd2fe79380000",
    "https://deno.land/std@0.192.0/path/glob.ts": "d479e0a695621c94d3fd7fe7abd4f9499caf32a8de13f25073451c6ef420a4e1",
    "https://deno.land/std@0.192.0/path/mod.ts": "f065032a7189404fdac3ad1a1551a9ac84751d2f25c431e101787846c86c79ef",
    "https://deno.land/std@0.192.0/path/posix.ts": "8b7c67ac338714b30c816079303d0285dd24af6b284f7ad63da5b27372a2c94d",
    "https://deno.land/std@0.192.0/path/separator.ts": "0fb679739d0d1d7bf45b68dacfb4ec7563597a902edbaf3c59b50d5bcadd93b1",
    "https://deno.land/std@0.192.0/path/win32.ts": "d186344e5583bcbf8b18af416d13d82b35a317116e6460a5a3953508c3de5bba",
    "https://deno.land/x/fluent@0.0.1/bundle/ast.ts": "5b6c57e6115ca4497fc15be9a854053c0700cbadb680956b8719d6e40eacc759",
    "https://deno.land/x/fluent@0.0.1/bundle/builtins.ts": "cdcb96c0b4d39bff48acf842c99e5df7262bd2a7dc8488cd6c73af3ecd3f783f",
    "https://deno.land/x/fluent@0.0.1/bundle/bundle.ts": "fd5822c4fb8b094896620c5f825280b3bb1acc8cf757c0c33666564771e319f4",
    "https://deno.land/x/fluent@0.0.1/bundle/memoizer.ts": "145e4d64156bca1f7fac51ca47eb31e15b0b31304ba4c8a1fe05e95a8ca85a96",
    "https://deno.land/x/fluent@0.0.1/bundle/mod.ts": "3cc7b28a32c4739fcccdac11d57b287af2b1cf3aa394c45a54028f196d82f405",
    "https://deno.land/x/fluent@0.0.1/bundle/resolver.ts": "58d0f9acc538b7306eb0e5b6838d40168bb0d025e53ddbb07be30003034062b9",
    "https://deno.land/x/fluent@0.0.1/bundle/resource.ts": "ae9f2a10d6f4c5ea5e944458f5ff7323356e8d75959c38be840a6c9cbca0e9e9",
    "https://deno.land/x/fluent@0.0.1/bundle/scope.ts": "a3978a7b22ee3f4f6abbaf9f42b1689fe4de9f59969c9731cfaf5ad31d153f4a",
    "https://deno.land/x/fluent@0.0.1/bundle/types.ts": "6e1b13bdd1fd8c9871bf2505479c90b8df5c527e728b4b1002f2e37529db3e58",
    "https://deno.land/x/fluent@0.0.1/langneg/accepted_languages.ts": "ecd1ba4b6bdbc5f39aae02cc32f635e7804ed53e98b48e3fdcb3d37f95db37c2",
    "https://deno.land/x/fluent@0.0.1/langneg/locale.ts": "2256820338dd9a1c5b5865b504a0a6b23cb15b51b7c54063cb04d08db21e007c",
    "https://deno.land/x/fluent@0.0.1/langneg/matches.ts": "d1f3ffc22e806b45b371d1efe8fc6aa1fa3dd861c150f30bd110498fee636b38",
    "https://deno.land/x/fluent@0.0.1/langneg/mod.ts": "0a90ba0878e57d899e96b25f71feb29c5b0339b216a5f90fa3edb0750ca8ff3b",
    "https://deno.land/x/fluent@0.0.1/langneg/negotiate_languages.ts": "0ad36deb38c1668c86ef84044e97d83bf6b135a06e941d7591f0e4c4339058dd",
    "https://deno.land/x/grammy@v1.43.0/bot.ts": "28667815444c9fb3bc0b992479b30f21f58c67344c5d9af92a1c8e77f32ed00e",
    "https://deno.land/x/grammy@v1.43.0/composer.ts": "4fcfc5c5b68107c0e0f24a9b00a5f3cf8d4ed0adee964be17005d96782e09562",
    "https://deno.land/x/grammy@v1.43.0/context.ts": "e04d6a244dab1dffd0dd859a46bbd300f061acb17d5844a4100dea778c414e5d",
    "https://deno.land/x/grammy@v1.43.0/convenience/constants.ts": "fc972813cc017f707958631d7959e95b83968615a941da55d83176dff37519e3",
    "https://deno.land/x/grammy@v1.43.0/convenience/frameworks.ts": "21732d143f24828b93082265f201d40f1af64903ad784cece86e4da1b1e61390",
    "https://deno.land/x/grammy@v1.43.0/convenience/inline_query.ts": "6a397a9a8db7d38050b35966a3c01ba7e58a224b246a2646719f17478eda4d3e",
    "https://deno.land/x/grammy@v1.43.0/convenience/input_media.ts": "7af72a5fdb1af0417e31b1327003f536ddfdf64e06ab8bc7f5da6b574de38658",
    "https://deno.land/x/grammy@v1.43.0/convenience/keyboard.ts": "deb8403a6f3d106080651ef6f738490b6bc50713ae3fa5ac0fd50020873c70d0",
    "https://deno.land/x/grammy@v1.43.0/convenience/session.ts": "5e4b976528a0b3d7893645ac23e2e35e78671af578a3aed5efb4b621e7e9b6da",
    "https://deno.land/x/grammy@v1.43.0/convenience/webhook.ts": "d49c6be23398782670b1b03c84dfa64391686301640e2966b6dab5bba1537bf6",
    "https://deno.land/x/grammy@v1.43.0/core/api.ts": "a7186371b91837919cd26713d4dfe508514104ac5643668048f220569304a832",
    "https://deno.land/x/grammy@v1.43.0/core/client.ts": "81a92be6ab463df72882243c9690d84d46285bd11680e7a0d2e624944a092384",
    "https://deno.land/x/grammy@v1.43.0/core/error.ts": "9fd6695e201dc04a30e1688f65ab08729a1e821236a2322514f1e8763a03ad6e",
    "https://deno.land/x/grammy@v1.43.0/core/payload.ts": "5e27679acca66cbca981e2b77b206da3efe262f69d4638290b3567f514f50a0e",
    "https://deno.land/x/grammy@v1.43.0/filter.ts": "b119b63f02db1c4d6ca43fc0029041671f526031f7351b81f270b1e7a3ea173a",
    "https://deno.land/x/grammy@v1.43.0/mod.ts": "a973e356760eed1b58bc89280e6eb41bbdf74035f6348c08d6cebf50da1dac34",
    "https://deno.land/x/grammy@v1.43.0/platform.deno.ts": "bff65a7efb99b4645ad20d7c4041a61b7faf55b14261ee75363d9bd0c6d7ee8a",
    "https://deno.land/x/grammy@v1.43.0/types.deno.ts": "071ee99aeb09501a26581503e676279a9b65993485417087069a08e07302481f",
    "https://deno.land/x/grammy@v1.43.0/types.ts": "729415590dfa188dbe924dea614dff4e976babdbabb28a307b869fc25777cdf0",
    "https://deno.land/x/grammy_i18n@v1.1.0/deps.ts": "c1d2763e65f8ccf02fe3b32b9f1e1d2185039da30730d3f9525c63a6cae7aadc",
    "https://deno.land/x/grammy_i18n@v1.1.0/fluent.ts": "c4d6b4cf7aede9c25227b3e09aacc42e6ff381ef80bf1b476ba3ffdee284f74c",
    "https://deno.land/x/grammy_i18n@v1.1.0/i18n.ts": "7041c605d38fba0cf4ddc1e8bd65294e8ac1d51a201d539c9ce36dbb7e0ec22a",
    "https://deno.land/x/grammy_i18n@v1.1.0/mod.ts": "3250f0ecb81d4f0d7839b1d344c9453c5b7a79b7fca7d50b7ea89f91b7856cd9",
    "https://deno.land/x/grammy_i18n@v1.1.0/types.ts": "ee187fb5c34aca31aa72ed4a0df375f1e14001cffb302d490526cc23dd975b43",
    "https://deno.land/x/grammy_i18n@v1.1.0/utils.ts": "d880aef8dce05377a60e2e9c27b999b4936b97da1b50633bfa536f9f8c1daf92",
    "https://deno.land/x/grammy_i18n@v1.1.0/warning.ts": "65c80833a93d5c37fe691125998b50268c11ecd070c8e85e0ce7d220ad7a3d37",
    "https://deno.land/x/grammy_runner@v2.0.3/deps.deno.ts": "bbbaffd1020e0c91acacf02fbc43cdaee04f1d63446cb6a42255d36a0c0e86d4",
    "https://deno.land/x/grammy_runner@v2.0.3/distribute.ts": "318ed928c437ce0a09956abfa40c0b937bb507dc276bc3db5d571e15a4d1ede1",
    "https://deno.land/x/grammy_runner@v2.0.3/mod.ts": "53c08b39527b0b47ffdf4c5996bc3cfbac802ab37074a7b900b2a63d3db273d3",
    "https://deno.land/x/grammy_runner@v2.0.3/platform.deno.ts": "5990d453979176708af79baea54ba2bc4bdc662079f088ce7668b9f4d1962b8c",
    "https://deno.land/x/grammy_runner@v2.0.3/queue.ts": "d715f98096405c558c2657ef245b5acd1b5de916eed39dbad1399db18e57e0f7",
    "https://deno.land/x/grammy_runner@v2.0.3/runner.ts": "2600b9bd39e724d5c629c94e541f497868dfde6cf55be7745dc1d777c8a8b180",
    "https://deno.land/x/grammy_runner@v2.0.3/sequentialize.ts": "137764a109ff3fe4bc8809b6d1d8865ed5c2ad8b649e7553b10302d70bf2e7fb",
    "https://deno.land/x/grammy_runner@v2.0.3/sink.ts": "4c0acb814dee97ffffaea145413b53ccf64c0b00f105b0993383f25111ed8702",
    "https://deno.land/x/grammy_runner@v2.0.3/source.ts": "68ce5aefa92205db4710c8ac313e0c8e8c2577dd1b88f350b32ee33549188d01",
    "https://deno.land/x/grammy_runner@v2.0.3/worker.ts": "b6f88b9fde15a8dd892c8d4781e8010ef37b80faf04d6ad18db4a43e4faa42ad",
    "https://deno.land/x/grammy_types@v3.27.3/api.ts": "ae04d6628e3d25ae805bc07a19475065044fc44cde0a40877405bc3544d03a5f",
    "https://deno.land/x/grammy_types@v3.27.3/checklist.ts": "c8f5f0128ca96d8cc4c33b45040ea9436ecf92997d6f5a5e2fa6a85798f465d6",
    "https://deno.land/x/grammy_types@v3.27.3/inline.ts": "f4e80426f52a0ec92084615417c6a9632423cb1960a93de7b2cca38374467151",
    "https://deno.land/x/grammy_types@v3.27.3/langs.ts": "5f5fd09c58ba3ae942dd7cea2696f95587d2032c1829bba4bca81762b7ef73b6",
    "https://deno.land/x/grammy_types@v3.27.3/manage.ts": "c6b1a47937b0a1a5c745903bc59293a6181c92ac8c1c572ca3692abbbe0fc4c2",
    "https://deno.land/x/grammy_types@v3.27.3/markup.ts": "01d82b84f6fe338e55f44348debd9e054478058e1e3f59d65d5c2b752ac136b7",
    "https://deno.land/x/grammy_types@v3.27.3/message.ts": "fafcee7e598f21580d45b9ac94bd2542f419f9e0310b91aa6e3816ad5aef99cd",
    "https://deno.land/x/grammy_types@v3.27.3/methods.ts": "b36e8453a5ca7b538ad26abe0ed5d0a6d06d7ae18d0b7399b49f4477bea1e433",
    "https://deno.land/x/grammy_types@v3.27.3/mod.ts": "73efb15e1fb664c99ea32fa707a8cd3ed5ff4a1e21fba2fe1ddc78bb476ef84d",
    "https://deno.land/x/grammy_types@v3.27.3/passport.ts": "19820e7d6c279521f8bc8912d6a378239f73d4ab525453808994b5f44ef95215",
    "https://deno.land/x/grammy_types@v3.27.3/payment.ts": "5a7b33fefa5772b2c6d6b3e2fa7043d0483e40b6880698c788d8f82e8b7b6662",
    "https://deno.land/x/grammy_types@v3.27.3/settings.ts": "43879f885b8d76877640810246a5e4a0e495c6d364fd06e99ad1cb8920b4b5cf",
    "https://deno.land/x/grammy_types@v3.27.3/story.ts": "f558c6e6054a43fa1403c2376f7c0b51e2138f4e0d13f0f6e870ffd1cd085ae2",
    "https://deno.land/x/grammy_types@v3.27.3/update.ts": "d03351337e40465708a53c4ccbd56ba6cf1dc889e7312b3eab8bc50cb0edc5b7"
  },
  "workspace": {
    "dependencies": [
      "jsr:@db/sqlite@0.13",
      "jsr:@gfx/canvas@~0.5.8",
      "jsr:@grammyjs/debug@~0.2.1",
      "jsr:@kysely/kysely@0.28.17",
      "jsr:@marshift/kysely-deno-sqlite3@1",
      "jsr:@openai/openai@^6.42.0",
      "jsr:@std/path@^1.1.2",
      "npm:@biomejs/biome@2.3.8"
    ]
  }
}
